
Microsoft Visual Studio Solution File, Format Version 12.00
# Visual Studio 14
VisualStudioVersion = 14.0.25420.1
MinimumVisualStudioVersion = 10.0.40219.1
Project("{FAE04EC0-301F-11D3-BF4B-00C04F79EFBC}") = "HoloVision1", "HoloVision1\HoloVision1.csproj", "{13A45C13-3265-47B8-BC48-A553B569DF55}"
EndProject
Project("{FAE04EC0-301F-11D3-BF4B-00C04F79EFBC}") = "Assembly-CSharp", "C:\Users\nazyw\Documents\GitHub\HoloVision\HoloVision7\App\GeneratedProjects\UWP\Assembly-CSharp\Assembly-CSharp.csproj", "{A10BA8E4-D5E5-496E-AD15-8686CA93D7C2}"
EndProject
Project("{FAE04EC0-301F-11D3-BF4B-00C04F79EFBC}") = "Assembly-CSharp-firstpass", "C:\Users\nazyw\Documents\GitHub\HoloVision\HoloVision7\App\GeneratedProjects\UWP\Assembly-CSharp-firstpass\Assembly-CSharp-firstpass.csproj", "{587038FC-8E29-42C5-A999-BEDF3B4E18BF}"
EndProject
Global
	GlobalSection(SolutionConfigurationPlatforms) = preSolution
		Debug|ARM = Debug|ARM
		Debug|x64 = Debug|x64
		Debug|x86 = Debug|x86
		Master|ARM = Master|ARM
		Master|x64 = Master|x64
		Master|x86 = Master|x86
		Release|ARM = Release|ARM
		Release|x64 = Release|x64
		Release|x86 = Release|x86
	EndGlobalSection
	GlobalSection(ProjectConfigurationPlatforms) = postSolution
		{13A45C13-3265-47B8-BC48-A553B569DF55}.Debug|ARM.ActiveCfg = Debug|ARM
		{13A45C13-3265-47B8-BC48-A553B569DF55}.Debug|ARM.Build.0 = Debug|ARM
		{13A45C13-3265-47B8-BC48-A553B569DF55}.Debug|ARM.Deploy.0 = Debug|ARM
		{13A45C13-3265-47B8-BC48-A553B569DF55}.Debug|x64.ActiveCfg = Debug|x64
		{13A45C13-3265-47B8-BC48-A553B569DF55}.Debug|x64.Build.0 = Debug|x64
		{13A45C13-3265-47B8-BC48-A553B569DF55}.Debug|x64.Deploy.0 = Debug|x64
		{13A45C13-3265-47B8-BC48-A553B569DF55}.Debug|x86.ActiveCfg = Debug|x86
		{13A45C13-3265-47B8-BC48-A553B569DF55}.Debug|x86.Build.0 = Debug|x86
		{13A45C13-3265-47B8-BC48-A553B569DF55}.Debug|x86.Deploy.0 = Debug|x86
		{13A45C13-3265-47B8-BC48-A553B569DF55}.Master|ARM.ActiveCfg = Master|ARM
		{13A45C13-3265-47B8-BC48-A553B569DF55}.Master|ARM.Build.0 = Master|ARM
		{13A45C13-3265-47B8-BC48-A553B569DF55}.Master|ARM.Deploy.0 = Master|ARM
		{13A45C13-3265-47B8-BC48-A553B569DF55}.Master|x64.ActiveCfg = Master|x64
		{13A45C13-3265-47B8-BC48-A553B569DF55}.Master|x64.Build.0 = Master|x64
		{13A45C13-3265-47B8-BC48-A553B569DF55}.Master|x64.Deploy.0 = Master|x64
		{13A45C13-3265-47B8-BC48-A553B569DF55}.Master|x86.ActiveCfg = Master|x86
		{13A45C13-3265-47B8-BC48-A553B569DF55}.Master|x86.Build.0 = Master|x86
		{13A45C13-3265-47B8-BC48-A553B569DF55}.Master|x86.Deploy.0 = Master|x86
		{13A45C13-3265-47B8-BC48-A553B569DF55}.Release|ARM.ActiveCfg = Release|ARM
		{13A45C13-3265-47B8-BC48-A553B569DF55}.Release|ARM.Build.0 = Release|ARM
		{13A45C13-3265-47B8-BC48-A553B569DF55}.Release|ARM.Deploy.0 = Release|ARM
		{13A45C13-3265-47B8-BC48-A553B569DF55}.Release|x64.ActiveCfg = Release|x64
		{13A45C13-3265-47B8-BC48-A553B569DF55}.Release|x64.Build.0 = Release|x64
		{13A45C13-3265-47B8-BC48-A553B569DF55}.Release|x64.Deploy.0 = Release|x64
		{13A45C13-3265-47B8-BC48-A553B569DF55}.Release|x86.ActiveCfg = Release|x86
		{13A45C13-3265-47B8-BC48-A553B569DF55}.Release|x86.Build.0 = Release|x86
		{13A45C13-3265-47B8-BC48-A553B569DF55}.Release|x86.Deploy.0 = Release|x86
		{A10BA8E4-D5E5-496E-AD15-8686CA93D7C2}.Debug|ARM.ActiveCfg = Debug|ARM
		{A10BA8E4-D5E5-496E-AD15-8686CA93D7C2}.Debug|ARM.Build.0 = Debug|ARM
		{A10BA8E4-D5E5-496E-AD15-8686CA93D7C2}.Debug|x64.ActiveCfg = Debug|x64
		{A10BA8E4-D5E5-496E-AD15-8686CA93D7C2}.Debug|x64.Build.0 = Debug|x64
		{A10BA8E4-D5E5-496E-AD15-8686CA93D7C2}.Debug|x86.ActiveCfg = Debug|x86
		{A10BA8E4-D5E5-496E-AD15-8686CA93D7C2}.Debug|x86.Build.0 = Debug|x86
		{A10BA8E4-D5E5-496E-AD15-8686CA93D7C2}.Master|ARM.ActiveCfg = Master|ARM
		{A10BA8E4-D5E5-496E-AD15-8686CA93D7C2}.Master|ARM.Build.0 = Master|ARM
		{A10BA8E4-D5E5-496E-AD15-8686CA93D7C2}.Master|x64.ActiveCfg = Master|x64
		{A10BA8E4-D5E5-496E-AD15-8686CA93D7C2}.Master|x64.Build.0 = Master|x64
		{A10BA8E4-D5E5-496E-AD15-8686CA93D7C2}.Master|x86.ActiveCfg = Master|x86
		{A10BA8E4-D5E5-496E-AD15-8686CA93D7C2}.Master|x86.Build.0 = Master|x86
		{A10BA8E4-D5E5-496E-AD15-8686CA93D7C2}.Release|ARM.ActiveCfg = Release|ARM
		{A10BA8E4-D5E5-496E-AD15-8686CA93D7C2}.Release|ARM.Build.0 = Release|ARM
		{A10BA8E4-D5E5-496E-AD15-8686CA93D7C2}.Release|x64.ActiveCfg = Release|x64
		{A10BA8E4-D5E5-496E-AD15-8686CA93D7C2}.Release|x64.Build.0 = Release|x64
		{A10BA8E4-D5E5-496E-AD15-8686CA93D7C2}.Release|x86.ActiveCfg = Release|x86
		{A10BA8E4-D5E5-496E-AD15-8686CA93D7C2}.Release|x86.Build.0 = Release|x86
		{587038FC-8E29-42C5-A999-BEDF3B4E18BF}.Debug|ARM.ActiveCfg = Debug|ARM
		{587038FC-8E29-42C5-A999-BEDF3B4E18BF}.Debug|ARM.Build.0 = Debug|ARM
		{587038FC-8E29-42C5-A999-BEDF3B4E18BF}.Debug|x64.ActiveCfg = Debug|x64
		{587038FC-8E29-42C5-A999-BEDF3B4E18BF}.Debug|x64.Build.0 = Debug|x64
		{587038FC-8E29-42C5-A999-BEDF3B4E18BF}.Debug|x86.ActiveCfg = Debug|x86
		{587038FC-8E29-42C5-A999-BEDF3B4E18BF}.Debug|x86.Build.0 = Debug|x86
		{587038FC-8E29-42C5-A999-BEDF3B4E18BF}.Master|ARM.ActiveCfg = Master|ARM
		{587038FC-8E29-42C5-A999-BEDF3B4E18BF}.Master|ARM.Build.0 = Master|ARM
		{587038FC-8E29-42C5-A999-BEDF3B4E18BF}.Master|x64.ActiveCfg = Master|x64
		{587038FC-8E29-42C5-A999-BEDF3B4E18BF}.Master|x64.Build.0 = Master|x64
		{587038FC-8E29-42C5-A999-BEDF3B4E18BF}.Master|x86.ActiveCfg = Master|x86
		{587038FC-8E29-42C5-A999-BEDF3B4E18BF}.Master|x86.Build.0 = Master|x86
		{587038FC-8E29-42C5-A999-BEDF3B4E18BF}.Release|ARM.ActiveCfg = Release|ARM
		{587038FC-8E29-42C5-A999-BEDF3B4E18BF}.Release|ARM.Build.0 = Release|ARM
		{587038FC-8E29-42C5-A999-BEDF3B4E18BF}.Release|x64.ActiveCfg = Release|x64
		{587038FC-8E29-42C5-A999-BEDF3B4E18BF}.Release|x64.Build.0 = Release|x64
		{587038FC-8E29-42C5-A999-BEDF3B4E18BF}.Release|x86.ActiveCfg = Release|x86
		{587038FC-8E29-42C5-A999-BEDF3B4E18BF}.Release|x86.Build.0 = Release|x86
	EndGlobalSection
	GlobalSection(SolutionProperties) = preSolution
		HideSolutionNode = FALSE
	EndGlobalSection
EndGlobal
