
Microsoft Visual Studio Solution File, Format Version 12.00
# Visual Studio 15
VisualStudioVersion = 15.0.26403.7
MinimumVisualStudioVersion = 10.0.40219.1
Project("{FAE04EC0-301F-11D3-BF4B-00C04F79EFBC}") = "HoloVision10", "HoloVision10\HoloVision10.csproj", "{13A45C13-3265-47B8-BC48-A553B569DF55}"
EndProject
Project("{FAE04EC0-301F-11D3-BF4B-00C04F79EFBC}") = "Assembly-CSharp", "C:\HoloLens Projects\5.6\HoloSurvivalShooter\App\GeneratedProjects\UWP\Assembly-CSharp\Assembly-CSharp.csproj", "{B0D4ABB0-BEE2-4775-BB48-ECD26C0AB156}"
EndProject
Project("{FAE04EC0-301F-11D3-BF4B-00C04F79EFBC}") = "Assembly-CSharp-firstpass", "C:\HoloLens Projects\5.6\HoloSurvivalShooter\App\GeneratedProjects\UWP\Assembly-CSharp-firstpass\Assembly-CSharp-firstpass.csproj", "{B0AE2917-258C-422C-8B18-FAFDEB752076}"
EndProject
Global
	GlobalSection(SolutionConfigurationPlatforms) = preSolution
		Debug|ARM = Debug|ARM
		Debug|x64 = Debug|x64
		Debug|x86 = Debug|x86
		Master|ARM = Master|ARM
		Master|x64 = Master|x64
		Master|x86 = Master|x86
		Release|ARM = Release|ARM
		Release|x64 = Release|x64
		Release|x86 = Release|x86
	EndGlobalSection
	GlobalSection(ProjectConfigurationPlatforms) = postSolution
		{13A45C13-3265-47B8-BC48-A553B569DF55}.Debug|ARM.ActiveCfg = Debug|ARM
		{13A45C13-3265-47B8-BC48-A553B569DF55}.Debug|ARM.Build.0 = Debug|ARM
		{13A45C13-3265-47B8-BC48-A553B569DF55}.Debug|ARM.Deploy.0 = Debug|ARM
		{13A45C13-3265-47B8-BC48-A553B569DF55}.Debug|x64.ActiveCfg = Debug|x64
		{13A45C13-3265-47B8-BC48-A553B569DF55}.Debug|x64.Build.0 = Debug|x64
		{13A45C13-3265-47B8-BC48-A553B569DF55}.Debug|x64.Deploy.0 = Debug|x64
		{13A45C13-3265-47B8-BC48-A553B569DF55}.Debug|x86.ActiveCfg = Debug|x86
		{13A45C13-3265-47B8-BC48-A553B569DF55}.Debug|x86.Build.0 = Debug|x86
		{13A45C13-3265-47B8-BC48-A553B569DF55}.Debug|x86.Deploy.0 = Debug|x86
		{13A45C13-3265-47B8-BC48-A553B569DF55}.Master|ARM.ActiveCfg = Master|ARM
		{13A45C13-3265-47B8-BC48-A553B569DF55}.Master|ARM.Build.0 = Master|ARM
		{13A45C13-3265-47B8-BC48-A553B569DF55}.Master|ARM.Deploy.0 = Master|ARM
		{13A45C13-3265-47B8-BC48-A553B569DF55}.Master|x64.ActiveCfg = Master|x64
		{13A45C13-3265-47B8-BC48-A553B569DF55}.Master|x64.Build.0 = Master|x64
		{13A45C13-3265-47B8-BC48-A553B569DF55}.Master|x64.Deploy.0 = Master|x64
		{13A45C13-3265-47B8-BC48-A553B569DF55}.Master|x86.ActiveCfg = Master|x86
		{13A45C13-3265-47B8-BC48-A553B569DF55}.Master|x86.Build.0 = Master|x86
		{13A45C13-3265-47B8-BC48-A553B569DF55}.Master|x86.Deploy.0 = Master|x86
		{13A45C13-3265-47B8-BC48-A553B569DF55}.Release|ARM.ActiveCfg = Release|ARM
		{13A45C13-3265-47B8-BC48-A553B569DF55}.Release|ARM.Build.0 = Release|ARM
		{13A45C13-3265-47B8-BC48-A553B569DF55}.Release|ARM.Deploy.0 = Release|ARM
		{13A45C13-3265-47B8-BC48-A553B569DF55}.Release|x64.ActiveCfg = Release|x64
		{13A45C13-3265-47B8-BC48-A553B569DF55}.Release|x64.Build.0 = Release|x64
		{13A45C13-3265-47B8-BC48-A553B569DF55}.Release|x64.Deploy.0 = Release|x64
		{13A45C13-3265-47B8-BC48-A553B569DF55}.Release|x86.ActiveCfg = Release|x86
		{13A45C13-3265-47B8-BC48-A553B569DF55}.Release|x86.Build.0 = Release|x86
		{13A45C13-3265-47B8-BC48-A553B569DF55}.Release|x86.Deploy.0 = Release|x86
		{B0D4ABB0-BEE2-4775-BB48-ECD26C0AB156}.Debug|ARM.ActiveCfg = Debug|ARM
		{B0D4ABB0-BEE2-4775-BB48-ECD26C0AB156}.Debug|ARM.Build.0 = Debug|ARM
		{B0D4ABB0-BEE2-4775-BB48-ECD26C0AB156}.Debug|x64.ActiveCfg = Debug|x64
		{B0D4ABB0-BEE2-4775-BB48-ECD26C0AB156}.Debug|x64.Build.0 = Debug|x64
		{B0D4ABB0-BEE2-4775-BB48-ECD26C0AB156}.Debug|x86.ActiveCfg = Debug|x86
		{B0D4ABB0-BEE2-4775-BB48-ECD26C0AB156}.Debug|x86.Build.0 = Debug|x86
		{B0D4ABB0-BEE2-4775-BB48-ECD26C0AB156}.Master|ARM.ActiveCfg = Master|ARM
		{B0D4ABB0-BEE2-4775-BB48-ECD26C0AB156}.Master|ARM.Build.0 = Master|ARM
		{B0D4ABB0-BEE2-4775-BB48-ECD26C0AB156}.Master|x64.ActiveCfg = Master|x64
		{B0D4ABB0-BEE2-4775-BB48-ECD26C0AB156}.Master|x64.Build.0 = Master|x64
		{B0D4ABB0-BEE2-4775-BB48-ECD26C0AB156}.Master|x86.ActiveCfg = Master|x86
		{B0D4ABB0-BEE2-4775-BB48-ECD26C0AB156}.Master|x86.Build.0 = Master|x86
		{B0D4ABB0-BEE2-4775-BB48-ECD26C0AB156}.Release|ARM.ActiveCfg = Release|ARM
		{B0D4ABB0-BEE2-4775-BB48-ECD26C0AB156}.Release|ARM.Build.0 = Release|ARM
		{B0D4ABB0-BEE2-4775-BB48-ECD26C0AB156}.Release|x64.ActiveCfg = Release|x64
		{B0D4ABB0-BEE2-4775-BB48-ECD26C0AB156}.Release|x64.Build.0 = Release|x64
		{B0D4ABB0-BEE2-4775-BB48-ECD26C0AB156}.Release|x86.ActiveCfg = Release|x86
		{B0D4ABB0-BEE2-4775-BB48-ECD26C0AB156}.Release|x86.Build.0 = Release|x86
		{B0AE2917-258C-422C-8B18-FAFDEB752076}.Debug|ARM.ActiveCfg = Debug|ARM
		{B0AE2917-258C-422C-8B18-FAFDEB752076}.Debug|ARM.Build.0 = Debug|ARM
		{B0AE2917-258C-422C-8B18-FAFDEB752076}.Debug|x64.ActiveCfg = Debug|x64
		{B0AE2917-258C-422C-8B18-FAFDEB752076}.Debug|x64.Build.0 = Debug|x64
		{B0AE2917-258C-422C-8B18-FAFDEB752076}.Debug|x86.ActiveCfg = Debug|x86
		{B0AE2917-258C-422C-8B18-FAFDEB752076}.Debug|x86.Build.0 = Debug|x86
		{B0AE2917-258C-422C-8B18-FAFDEB752076}.Master|ARM.ActiveCfg = Master|ARM
		{B0AE2917-258C-422C-8B18-FAFDEB752076}.Master|ARM.Build.0 = Master|ARM
		{B0AE2917-258C-422C-8B18-FAFDEB752076}.Master|x64.ActiveCfg = Master|x64
		{B0AE2917-258C-422C-8B18-FAFDEB752076}.Master|x64.Build.0 = Master|x64
		{B0AE2917-258C-422C-8B18-FAFDEB752076}.Master|x86.ActiveCfg = Master|x86
		{B0AE2917-258C-422C-8B18-FAFDEB752076}.Master|x86.Build.0 = Master|x86
		{B0AE2917-258C-422C-8B18-FAFDEB752076}.Release|ARM.ActiveCfg = Release|ARM
		{B0AE2917-258C-422C-8B18-FAFDEB752076}.Release|ARM.Build.0 = Release|ARM
		{B0AE2917-258C-422C-8B18-FAFDEB752076}.Release|x64.ActiveCfg = Release|x64
		{B0AE2917-258C-422C-8B18-FAFDEB752076}.Release|x64.Build.0 = Release|x64
		{B0AE2917-258C-422C-8B18-FAFDEB752076}.Release|x86.ActiveCfg = Release|x86
		{B0AE2917-258C-422C-8B18-FAFDEB752076}.Release|x86.Build.0 = Release|x86
	EndGlobalSection
	GlobalSection(SolutionProperties) = preSolution
		HideSolutionNode = FALSE
	EndGlobalSection
EndGlobal
