
Microsoft Visual Studio Solution File, Format Version 12.00
# Visual Studio 14
VisualStudioVersion = 14.0.25420.1
MinimumVisualStudioVersion = 10.0.40219.1
Project("{FAE04EC0-301F-11D3-BF4B-00C04F79EFBC}") = "HoloVision1", "HoloVision1\HoloVision1.csproj", "{13A45C13-3265-47B8-BC48-A553B569DF55}"
EndProject
Project("{FAE04EC0-301F-11D3-BF4B-00C04F79EFBC}") = "Assembly-CSharp", "C:\Users\nazyw\Documents\GitHub\HoloVision\HoloVision4\App\GeneratedProjects\UWP\Assembly-CSharp\Assembly-CSharp.csproj", "{6CE174A5-0AAF-4EE3-91EB-3A0EDF10049B}"
EndProject
Project("{FAE04EC0-301F-11D3-BF4B-00C04F79EFBC}") = "Assembly-CSharp-firstpass", "C:\Users\nazyw\Documents\GitHub\HoloVision\HoloVision4\App\GeneratedProjects\UWP\Assembly-CSharp-firstpass\Assembly-CSharp-firstpass.csproj", "{ED1668D8-DCDA-4177-AE74-315A28D29FAD}"
EndProject
Global
	GlobalSection(SolutionConfigurationPlatforms) = preSolution
		Debug|ARM = Debug|ARM
		Debug|x64 = Debug|x64
		Debug|x86 = Debug|x86
		Master|ARM = Master|ARM
		Master|x64 = Master|x64
		Master|x86 = Master|x86
		Release|ARM = Release|ARM
		Release|x64 = Release|x64
		Release|x86 = Release|x86
	EndGlobalSection
	GlobalSection(ProjectConfigurationPlatforms) = postSolution
		{13A45C13-3265-47B8-BC48-A553B569DF55}.Debug|ARM.ActiveCfg = Debug|ARM
		{13A45C13-3265-47B8-BC48-A553B569DF55}.Debug|ARM.Build.0 = Debug|ARM
		{13A45C13-3265-47B8-BC48-A553B569DF55}.Debug|ARM.Deploy.0 = Debug|ARM
		{13A45C13-3265-47B8-BC48-A553B569DF55}.Debug|x64.ActiveCfg = Debug|x64
		{13A45C13-3265-47B8-BC48-A553B569DF55}.Debug|x64.Build.0 = Debug|x64
		{13A45C13-3265-47B8-BC48-A553B569DF55}.Debug|x64.Deploy.0 = Debug|x64
		{13A45C13-3265-47B8-BC48-A553B569DF55}.Debug|x86.ActiveCfg = Debug|x86
		{13A45C13-3265-47B8-BC48-A553B569DF55}.Debug|x86.Build.0 = Debug|x86
		{13A45C13-3265-47B8-BC48-A553B569DF55}.Debug|x86.Deploy.0 = Debug|x86
		{13A45C13-3265-47B8-BC48-A553B569DF55}.Master|ARM.ActiveCfg = Master|ARM
		{13A45C13-3265-47B8-BC48-A553B569DF55}.Master|ARM.Build.0 = Master|ARM
		{13A45C13-3265-47B8-BC48-A553B569DF55}.Master|ARM.Deploy.0 = Master|ARM
		{13A45C13-3265-47B8-BC48-A553B569DF55}.Master|x64.ActiveCfg = Master|x64
		{13A45C13-3265-47B8-BC48-A553B569DF55}.Master|x64.Build.0 = Master|x64
		{13A45C13-3265-47B8-BC48-A553B569DF55}.Master|x64.Deploy.0 = Master|x64
		{13A45C13-3265-47B8-BC48-A553B569DF55}.Master|x86.ActiveCfg = Master|x86
		{13A45C13-3265-47B8-BC48-A553B569DF55}.Master|x86.Build.0 = Master|x86
		{13A45C13-3265-47B8-BC48-A553B569DF55}.Master|x86.Deploy.0 = Master|x86
		{13A45C13-3265-47B8-BC48-A553B569DF55}.Release|ARM.ActiveCfg = Release|ARM
		{13A45C13-3265-47B8-BC48-A553B569DF55}.Release|ARM.Build.0 = Release|ARM
		{13A45C13-3265-47B8-BC48-A553B569DF55}.Release|ARM.Deploy.0 = Release|ARM
		{13A45C13-3265-47B8-BC48-A553B569DF55}.Release|x64.ActiveCfg = Release|x64
		{13A45C13-3265-47B8-BC48-A553B569DF55}.Release|x64.Build.0 = Release|x64
		{13A45C13-3265-47B8-BC48-A553B569DF55}.Release|x64.Deploy.0 = Release|x64
		{13A45C13-3265-47B8-BC48-A553B569DF55}.Release|x86.ActiveCfg = Release|x86
		{13A45C13-3265-47B8-BC48-A553B569DF55}.Release|x86.Build.0 = Release|x86
		{13A45C13-3265-47B8-BC48-A553B569DF55}.Release|x86.Deploy.0 = Release|x86
		{6CE174A5-0AAF-4EE3-91EB-3A0EDF10049B}.Debug|ARM.ActiveCfg = Debug|ARM
		{6CE174A5-0AAF-4EE3-91EB-3A0EDF10049B}.Debug|ARM.Build.0 = Debug|ARM
		{6CE174A5-0AAF-4EE3-91EB-3A0EDF10049B}.Debug|x64.ActiveCfg = Debug|x64
		{6CE174A5-0AAF-4EE3-91EB-3A0EDF10049B}.Debug|x64.Build.0 = Debug|x64
		{6CE174A5-0AAF-4EE3-91EB-3A0EDF10049B}.Debug|x86.ActiveCfg = Debug|x86
		{6CE174A5-0AAF-4EE3-91EB-3A0EDF10049B}.Debug|x86.Build.0 = Debug|x86
		{6CE174A5-0AAF-4EE3-91EB-3A0EDF10049B}.Master|ARM.ActiveCfg = Master|ARM
		{6CE174A5-0AAF-4EE3-91EB-3A0EDF10049B}.Master|ARM.Build.0 = Master|ARM
		{6CE174A5-0AAF-4EE3-91EB-3A0EDF10049B}.Master|x64.ActiveCfg = Master|x64
		{6CE174A5-0AAF-4EE3-91EB-3A0EDF10049B}.Master|x64.Build.0 = Master|x64
		{6CE174A5-0AAF-4EE3-91EB-3A0EDF10049B}.Master|x86.ActiveCfg = Master|x86
		{6CE174A5-0AAF-4EE3-91EB-3A0EDF10049B}.Master|x86.Build.0 = Master|x86
		{6CE174A5-0AAF-4EE3-91EB-3A0EDF10049B}.Release|ARM.ActiveCfg = Release|ARM
		{6CE174A5-0AAF-4EE3-91EB-3A0EDF10049B}.Release|ARM.Build.0 = Release|ARM
		{6CE174A5-0AAF-4EE3-91EB-3A0EDF10049B}.Release|x64.ActiveCfg = Release|x64
		{6CE174A5-0AAF-4EE3-91EB-3A0EDF10049B}.Release|x64.Build.0 = Release|x64
		{6CE174A5-0AAF-4EE3-91EB-3A0EDF10049B}.Release|x86.ActiveCfg = Release|x86
		{6CE174A5-0AAF-4EE3-91EB-3A0EDF10049B}.Release|x86.Build.0 = Release|x86
		{ED1668D8-DCDA-4177-AE74-315A28D29FAD}.Debug|ARM.ActiveCfg = Debug|ARM
		{ED1668D8-DCDA-4177-AE74-315A28D29FAD}.Debug|ARM.Build.0 = Debug|ARM
		{ED1668D8-DCDA-4177-AE74-315A28D29FAD}.Debug|x64.ActiveCfg = Debug|x64
		{ED1668D8-DCDA-4177-AE74-315A28D29FAD}.Debug|x64.Build.0 = Debug|x64
		{ED1668D8-DCDA-4177-AE74-315A28D29FAD}.Debug|x86.ActiveCfg = Debug|x86
		{ED1668D8-DCDA-4177-AE74-315A28D29FAD}.Debug|x86.Build.0 = Debug|x86
		{ED1668D8-DCDA-4177-AE74-315A28D29FAD}.Master|ARM.ActiveCfg = Master|ARM
		{ED1668D8-DCDA-4177-AE74-315A28D29FAD}.Master|ARM.Build.0 = Master|ARM
		{ED1668D8-DCDA-4177-AE74-315A28D29FAD}.Master|x64.ActiveCfg = Master|x64
		{ED1668D8-DCDA-4177-AE74-315A28D29FAD}.Master|x64.Build.0 = Master|x64
		{ED1668D8-DCDA-4177-AE74-315A28D29FAD}.Master|x86.ActiveCfg = Master|x86
		{ED1668D8-DCDA-4177-AE74-315A28D29FAD}.Master|x86.Build.0 = Master|x86
		{ED1668D8-DCDA-4177-AE74-315A28D29FAD}.Release|ARM.ActiveCfg = Release|ARM
		{ED1668D8-DCDA-4177-AE74-315A28D29FAD}.Release|ARM.Build.0 = Release|ARM
		{ED1668D8-DCDA-4177-AE74-315A28D29FAD}.Release|x64.ActiveCfg = Release|x64
		{ED1668D8-DCDA-4177-AE74-315A28D29FAD}.Release|x64.Build.0 = Release|x64
		{ED1668D8-DCDA-4177-AE74-315A28D29FAD}.Release|x86.ActiveCfg = Release|x86
		{ED1668D8-DCDA-4177-AE74-315A28D29FAD}.Release|x86.Build.0 = Release|x86
	EndGlobalSection
	GlobalSection(SolutionProperties) = preSolution
		HideSolutionNode = FALSE
	EndGlobalSection
EndGlobal
